
Microsoft Visual Studio Solution File, Format Version 12.00
# Visual Studio Version 16
VisualStudioVersion = 16.0.31911.196
MinimumVisualStudioVersion = 10.0.40219.1
Project("{FAE04EC0-301F-11D3-BF4B-00C04F79EFBC}") = "AssignmentsSchedulerWeb", "AssignmentsSchedulerWeb.csproj", "{FE488613-714C-41EB-AE7A-5EBF73896B76}"
EndProject
Global
	GlobalSection(SolutionConfigurationPlatforms) = preSolution
		Debug|Any CPU = Debug|Any CPU
		Release|Any CPU = Release|Any CPU
	EndGlobalSection
	GlobalSection(ProjectConfigurationPlatforms) = postSolution
		{FE488613-714C-41EB-AE7A-5EBF73896B76}.Debug|Any CPU.ActiveCfg = Debug|Any CPU
		{FE488613-714C-41EB-AE7A-5EBF73896B76}.Debug|Any CPU.Build.0 = Debug|Any CPU
		{FE488613-714C-41EB-AE7A-5EBF73896B76}.Release|Any CPU.ActiveCfg = Release|Any CPU
		{FE488613-714C-41EB-AE7A-5EBF73896B76}.Release|Any CPU.Build.0 = Release|Any CPU
	EndGlobalSection
	GlobalSection(SolutionProperties) = preSolution
		HideSolutionNode = FALSE
	EndGlobalSection
	GlobalSection(ExtensibilityGlobals) = postSolution
		SolutionGuid = {81442B8C-6251-43B7-AA3A-CE0C5FF38846}
	EndGlobalSection
EndGlobal
